
Microsoft Visual Studio Solution File, Format Version 12.00
# Visual Studio Version 17
VisualStudioVersion = 17.6.33723.286
MinimumVisualStudioVersion = 10.0.40219.1
Project("{54A90642-561A-4BB1-A94E-469ADEE60C69}") = "vueapp", "vueapp\vueapp.esproj", "{A7D39FF6-08CD-4BD0-B854-59C169AA7601}"
EndProject
Project("{9A19103F-16F7-4668-BE54-9A1E7A4F7556}") = "webapi", "webapi\webapi.csproj", "{26C1A670-FF99-44A3-B52D-8C576EC392D4}"
EndProject
Project("{2150E333-8FDC-42A3-9474-1A3956D46DE8}") = "backend", "backend", "{D8F26E75-E111-44EF-AABE-7EE2C849C5D5}"
EndProject
Project("{9A19103F-16F7-4668-BE54-9A1E7A4F7556}") = "MPT.Vending.API.Dto", "Backend\Dto\MPT.Vending.API.Dto.csproj", "{8E813077-95B3-48AF-89A7-EA507963FCB0}"
EndProject
Project("{9A19103F-16F7-4668-BE54-9A1E7A4F7556}") = "API", "backend\API\API.csproj", "{5072BCDE-6B2B-43B1-BC58-E12B8CC028EA}"
EndProject
Project("{9A19103F-16F7-4668-BE54-9A1E7A4F7556}") = "MPT.SamplingMachine.ApiClient", "Backend\ApiClient\MPT.SamplingMachine.ApiClient.csproj", "{A8B2FE9C-6561-4CAF-98AE-5A5111359FB7}"
EndProject
Project("{2150E333-8FDC-42A3-9474-1A3956D46DE8}") = "management", "management", "{93670505-CF02-4452-8AF1-FCEA0001E5DC}"
EndProject
Project("{2150E333-8FDC-42A3-9474-1A3956D46DE8}") = "ordering", "ordering", "{B21564AA-7F63-4A3D-8EED-0D4D6AB20D20}"
EndProject
Project("{9A19103F-16F7-4668-BE54-9A1E7A4F7556}") = "Portal", "management\Portal\Portal.csproj", "{177E266A-C853-49A9-93CC-24967C302D86}"
EndProject
Project("{2150E333-8FDC-42A3-9474-1A3956D46DE8}") = "kiosks", "kiosks", "{349D41EF-58F6-48BA-88F2-12691B656CE0}"
EndProject
Project("{9A19103F-16F7-4668-BE54-9A1E7A4F7556}") = "MPT.Vending.Domains.Kiosks.Abstractions", "backend\Domains\Kiosks\Abstractions\MPT.Vending.Domains.Kiosks.Abstractions.csproj", "{FD5A0A6C-81F5-448E-8BFA-6501A6BB864E}"
EndProject
Project("{9A19103F-16F7-4668-BE54-9A1E7A4F7556}") = "MPT.Vending.Domains.Kiosks.Services", "backend\Domains\Kiosks\Services\MPT.Vending.Domains.Kiosks.Services.csproj", "{7D358209-863F-4894-8229-3077F7EC89BF}"
EndProject
Project("{2150E333-8FDC-42A3-9474-1A3956D46DE8}") = "common", "common", "{B75FBB29-C4C5-47F6-99A6-77D050F7F115}"
EndProject
Project("{9A19103F-16F7-4668-BE54-9A1E7A4F7556}") = "MPT.Vending.Domains.SharedContext", "backend\Domains\Common\SharedContext\MPT.Vending.Domains.SharedContext.csproj", "{31E1B40F-F4F5-415A-A3B8-1221B49775CC}"
EndProject
Project("{2150E333-8FDC-42A3-9474-1A3956D46DE8}") = "communication", "communication", "{CDE8B50A-B9DA-4C60-ADFA-C4F87F04AEF1}"
EndProject
Project("{9A19103F-16F7-4668-BE54-9A1E7A4F7556}") = "MessagingServices", "communication\MessagingServices\MessagingServices.csproj", "{B0E34CDF-99E3-46E3-BF28-B15B990DA759}"
EndProject
Project("{2150E333-8FDC-42A3-9474-1A3956D46DE8}") = "advertisement", "advertisement", "{A9DDE246-A5EA-4DDE-8093-FD8BBF3B273C}"
EndProject
Project("{9A19103F-16F7-4668-BE54-9A1E7A4F7556}") = "MPT.Vending.Domains.Advertisement.Abstractions", "backend\Domains\Advertisement\Abstractions\MPT.Vending.Domains.Advertisement.Abstractions.csproj", "{D3611778-5622-450C-8BF5-2E1EFD3F9061}"
EndProject
Project("{9A19103F-16F7-4668-BE54-9A1E7A4F7556}") = "MPT.Vending.Domains.Advertisement.Services", "backend\Domains\Advertisement\Services\MPT.Vending.Domains.Advertisement.Services.csproj", "{9479A1CB-3243-4AE8-9F2E-FE1A546DF59F}"
EndProject
Project("{9A19103F-16F7-4668-BE54-9A1E7A4F7556}") = "MPT.Vending.Domains.Advertisement.Infrastructure", "backend\Domains\Advertisement\Infrastructure\MPT.Vending.Domains.Advertisement.Infrastructure.csproj", "{67F0C46F-C409-45F2-979B-55732E0F24A6}"
EndProject
Project("{9A19103F-16F7-4668-BE54-9A1E7A4F7556}") = "MPT.Vending.Domains.Kiosks.Infrastructure", "backend\Domains\Kiosks\Infrastructure\MPT.Vending.Domains.Kiosks.Infrastructure.csproj", "{D9AD71FD-1DE8-47BC-B9DC-E10AC9F20E34}"
EndProject
Project("{9A19103F-16F7-4668-BE54-9A1E7A4F7556}") = "MPT.Vending.Domains.Ordering.Abstractions", "backend\Domains\Ordering\Abstractions\MPT.Vending.Domains.Ordering.Abstractions.csproj", "{09E1FD38-02F8-44BA-9F18-C0123B3B5867}"
EndProject
Project("{9A19103F-16F7-4668-BE54-9A1E7A4F7556}") = "MPT.Vending.Domains.Ordering.Infrastructure", "backend\Domains\Ordering\Infrastructure\MPT.Vending.Domains.Ordering.Infrastructure.csproj", "{23F63861-F695-4FDF-9E07-FA2A22F0A2C8}"
EndProject
Project("{9A19103F-16F7-4668-BE54-9A1E7A4F7556}") = "MPT.Vending.Domains.Ordering.Services", "backend\Domains\Ordering\Services\MPT.Vending.Domains.Ordering.Services.csproj", "{B97C2CF8-835F-4C05-B0A8-7559F6264509}"
EndProject
Project("{9A19103F-16F7-4668-BE54-9A1E7A4F7556}") = "MPT.Vending.Domains.Ordering.Test", "backend\Domains\Ordering\Test\MPT.Vending.Domains.Ordering.Test.csproj", "{DAA6E282-9C11-4199-B1D0-6577C361F107}"
EndProject
Project("{9A19103F-16F7-4668-BE54-9A1E7A4F7556}") = "FutureTechniksProtocols", "hardware\CondomatProtocol\FutureTechniksProtocols.csproj", "{F75379D8-209D-444A-8FF9-00A21CCCC97E}"
EndProject
Project("{2150E333-8FDC-42A3-9474-1A3956D46DE8}") = "hardware", "hardware", "{3B7FD69C-855B-4CBB-9329-698380190096}"
EndProject
Project("{2150E333-8FDC-42A3-9474-1A3956D46DE8}") = "identity", "identity", "{237E8A1E-E977-4449-B93B-8C98376D4DB1}"
EndProject
Project("{9A19103F-16F7-4668-BE54-9A1E7A4F7556}") = "MPT.Vending.Domains.Identity.Abstractions", "backend\Domains\Identity\Abstractions\MPT.Vending.Domains.Identity.Abstractions.csproj", "{0112C798-7CAB-43CD-ADFD-EA90D1A90E49}"
EndProject
Project("{9A19103F-16F7-4668-BE54-9A1E7A4F7556}") = "MPT.Vending.Domains.Identity.Infrastructure", "backend\Domains\Identity\Infrastructure\MPT.Vending.Domains.Identity.Infrastructure.csproj", "{08315331-EF37-4102-8D72-52E62B4FB390}"
EndProject
Project("{9A19103F-16F7-4668-BE54-9A1E7A4F7556}") = "MPT.Vending.Domains.Identity.Services", "backend\Domains\Identity\Services\MPT.Vending.Domains.Identity.Services.csproj", "{A9FED109-73A2-43AC-81A0-01737B845695}"
EndProject
Global
	GlobalSection(SolutionConfigurationPlatforms) = preSolution
		Debug|Any CPU = Debug|Any CPU
		Release|Any CPU = Release|Any CPU
	EndGlobalSection
	GlobalSection(ProjectConfigurationPlatforms) = postSolution
		{A7D39FF6-08CD-4BD0-B854-59C169AA7601}.Debug|Any CPU.ActiveCfg = Debug|Any CPU
		{A7D39FF6-08CD-4BD0-B854-59C169AA7601}.Debug|Any CPU.Build.0 = Debug|Any CPU
		{A7D39FF6-08CD-4BD0-B854-59C169AA7601}.Debug|Any CPU.Deploy.0 = Debug|Any CPU
		{A7D39FF6-08CD-4BD0-B854-59C169AA7601}.Release|Any CPU.ActiveCfg = Release|Any CPU
		{A7D39FF6-08CD-4BD0-B854-59C169AA7601}.Release|Any CPU.Build.0 = Release|Any CPU
		{A7D39FF6-08CD-4BD0-B854-59C169AA7601}.Release|Any CPU.Deploy.0 = Release|Any CPU
		{26C1A670-FF99-44A3-B52D-8C576EC392D4}.Debug|Any CPU.ActiveCfg = Debug|Any CPU
		{26C1A670-FF99-44A3-B52D-8C576EC392D4}.Debug|Any CPU.Build.0 = Debug|Any CPU
		{26C1A670-FF99-44A3-B52D-8C576EC392D4}.Release|Any CPU.ActiveCfg = Release|Any CPU
		{26C1A670-FF99-44A3-B52D-8C576EC392D4}.Release|Any CPU.Build.0 = Release|Any CPU
		{8E813077-95B3-48AF-89A7-EA507963FCB0}.Debug|Any CPU.ActiveCfg = Debug|Any CPU
		{8E813077-95B3-48AF-89A7-EA507963FCB0}.Debug|Any CPU.Build.0 = Debug|Any CPU
		{8E813077-95B3-48AF-89A7-EA507963FCB0}.Release|Any CPU.ActiveCfg = Release|Any CPU
		{8E813077-95B3-48AF-89A7-EA507963FCB0}.Release|Any CPU.Build.0 = Release|Any CPU
		{5072BCDE-6B2B-43B1-BC58-E12B8CC028EA}.Debug|Any CPU.ActiveCfg = Debug|Any CPU
		{5072BCDE-6B2B-43B1-BC58-E12B8CC028EA}.Debug|Any CPU.Build.0 = Debug|Any CPU
		{5072BCDE-6B2B-43B1-BC58-E12B8CC028EA}.Release|Any CPU.ActiveCfg = Release|Any CPU
		{5072BCDE-6B2B-43B1-BC58-E12B8CC028EA}.Release|Any CPU.Build.0 = Release|Any CPU
		{A8B2FE9C-6561-4CAF-98AE-5A5111359FB7}.Debug|Any CPU.ActiveCfg = Debug|Any CPU
		{A8B2FE9C-6561-4CAF-98AE-5A5111359FB7}.Debug|Any CPU.Build.0 = Debug|Any CPU
		{A8B2FE9C-6561-4CAF-98AE-5A5111359FB7}.Release|Any CPU.ActiveCfg = Release|Any CPU
		{A8B2FE9C-6561-4CAF-98AE-5A5111359FB7}.Release|Any CPU.Build.0 = Release|Any CPU
		{177E266A-C853-49A9-93CC-24967C302D86}.Debug|Any CPU.ActiveCfg = Debug|Any CPU
		{177E266A-C853-49A9-93CC-24967C302D86}.Debug|Any CPU.Build.0 = Debug|Any CPU
		{177E266A-C853-49A9-93CC-24967C302D86}.Release|Any CPU.ActiveCfg = Release|Any CPU
		{177E266A-C853-49A9-93CC-24967C302D86}.Release|Any CPU.Build.0 = Release|Any CPU
		{FD5A0A6C-81F5-448E-8BFA-6501A6BB864E}.Debug|Any CPU.ActiveCfg = Debug|Any CPU
		{FD5A0A6C-81F5-448E-8BFA-6501A6BB864E}.Debug|Any CPU.Build.0 = Debug|Any CPU
		{FD5A0A6C-81F5-448E-8BFA-6501A6BB864E}.Release|Any CPU.ActiveCfg = Release|Any CPU
		{FD5A0A6C-81F5-448E-8BFA-6501A6BB864E}.Release|Any CPU.Build.0 = Release|Any CPU
		{7D358209-863F-4894-8229-3077F7EC89BF}.Debug|Any CPU.ActiveCfg = Debug|Any CPU
		{7D358209-863F-4894-8229-3077F7EC89BF}.Debug|Any CPU.Build.0 = Debug|Any CPU
		{7D358209-863F-4894-8229-3077F7EC89BF}.Release|Any CPU.ActiveCfg = Release|Any CPU
		{7D358209-863F-4894-8229-3077F7EC89BF}.Release|Any CPU.Build.0 = Release|Any CPU
		{31E1B40F-F4F5-415A-A3B8-1221B49775CC}.Debug|Any CPU.ActiveCfg = Debug|Any CPU
		{31E1B40F-F4F5-415A-A3B8-1221B49775CC}.Debug|Any CPU.Build.0 = Debug|Any CPU
		{31E1B40F-F4F5-415A-A3B8-1221B49775CC}.Release|Any CPU.ActiveCfg = Release|Any CPU
		{31E1B40F-F4F5-415A-A3B8-1221B49775CC}.Release|Any CPU.Build.0 = Release|Any CPU
		{B0E34CDF-99E3-46E3-BF28-B15B990DA759}.Debug|Any CPU.ActiveCfg = Debug|Any CPU
		{B0E34CDF-99E3-46E3-BF28-B15B990DA759}.Debug|Any CPU.Build.0 = Debug|Any CPU
		{B0E34CDF-99E3-46E3-BF28-B15B990DA759}.Release|Any CPU.ActiveCfg = Release|Any CPU
		{B0E34CDF-99E3-46E3-BF28-B15B990DA759}.Release|Any CPU.Build.0 = Release|Any CPU
		{D3611778-5622-450C-8BF5-2E1EFD3F9061}.Debug|Any CPU.ActiveCfg = Debug|Any CPU
		{D3611778-5622-450C-8BF5-2E1EFD3F9061}.Debug|Any CPU.Build.0 = Debug|Any CPU
		{D3611778-5622-450C-8BF5-2E1EFD3F9061}.Release|Any CPU.ActiveCfg = Release|Any CPU
		{D3611778-5622-450C-8BF5-2E1EFD3F9061}.Release|Any CPU.Build.0 = Release|Any CPU
		{9479A1CB-3243-4AE8-9F2E-FE1A546DF59F}.Debug|Any CPU.ActiveCfg = Debug|Any CPU
		{9479A1CB-3243-4AE8-9F2E-FE1A546DF59F}.Debug|Any CPU.Build.0 = Debug|Any CPU
		{9479A1CB-3243-4AE8-9F2E-FE1A546DF59F}.Release|Any CPU.ActiveCfg = Release|Any CPU
		{9479A1CB-3243-4AE8-9F2E-FE1A546DF59F}.Release|Any CPU.Build.0 = Release|Any CPU
		{67F0C46F-C409-45F2-979B-55732E0F24A6}.Debug|Any CPU.ActiveCfg = Debug|Any CPU
		{67F0C46F-C409-45F2-979B-55732E0F24A6}.Debug|Any CPU.Build.0 = Debug|Any CPU
		{67F0C46F-C409-45F2-979B-55732E0F24A6}.Release|Any CPU.ActiveCfg = Release|Any CPU
		{67F0C46F-C409-45F2-979B-55732E0F24A6}.Release|Any CPU.Build.0 = Release|Any CPU
		{D9AD71FD-1DE8-47BC-B9DC-E10AC9F20E34}.Debug|Any CPU.ActiveCfg = Debug|Any CPU
		{D9AD71FD-1DE8-47BC-B9DC-E10AC9F20E34}.Debug|Any CPU.Build.0 = Debug|Any CPU
		{D9AD71FD-1DE8-47BC-B9DC-E10AC9F20E34}.Release|Any CPU.ActiveCfg = Release|Any CPU
		{D9AD71FD-1DE8-47BC-B9DC-E10AC9F20E34}.Release|Any CPU.Build.0 = Release|Any CPU
		{09E1FD38-02F8-44BA-9F18-C0123B3B5867}.Debug|Any CPU.ActiveCfg = Debug|Any CPU
		{09E1FD38-02F8-44BA-9F18-C0123B3B5867}.Debug|Any CPU.Build.0 = Debug|Any CPU
		{09E1FD38-02F8-44BA-9F18-C0123B3B5867}.Release|Any CPU.ActiveCfg = Release|Any CPU
		{09E1FD38-02F8-44BA-9F18-C0123B3B5867}.Release|Any CPU.Build.0 = Release|Any CPU
		{23F63861-F695-4FDF-9E07-FA2A22F0A2C8}.Debug|Any CPU.ActiveCfg = Debug|Any CPU
		{23F63861-F695-4FDF-9E07-FA2A22F0A2C8}.Debug|Any CPU.Build.0 = Debug|Any CPU
		{23F63861-F695-4FDF-9E07-FA2A22F0A2C8}.Release|Any CPU.ActiveCfg = Release|Any CPU
		{23F63861-F695-4FDF-9E07-FA2A22F0A2C8}.Release|Any CPU.Build.0 = Release|Any CPU
		{B97C2CF8-835F-4C05-B0A8-7559F6264509}.Debug|Any CPU.ActiveCfg = Debug|Any CPU
		{B97C2CF8-835F-4C05-B0A8-7559F6264509}.Debug|Any CPU.Build.0 = Debug|Any CPU
		{B97C2CF8-835F-4C05-B0A8-7559F6264509}.Release|Any CPU.ActiveCfg = Release|Any CPU
		{B97C2CF8-835F-4C05-B0A8-7559F6264509}.Release|Any CPU.Build.0 = Release|Any CPU
		{DAA6E282-9C11-4199-B1D0-6577C361F107}.Debug|Any CPU.ActiveCfg = Debug|Any CPU
		{DAA6E282-9C11-4199-B1D0-6577C361F107}.Debug|Any CPU.Build.0 = Debug|Any CPU
		{DAA6E282-9C11-4199-B1D0-6577C361F107}.Release|Any CPU.ActiveCfg = Release|Any CPU
		{DAA6E282-9C11-4199-B1D0-6577C361F107}.Release|Any CPU.Build.0 = Release|Any CPU
		{F75379D8-209D-444A-8FF9-00A21CCCC97E}.Debug|Any CPU.ActiveCfg = Debug|Any CPU
		{F75379D8-209D-444A-8FF9-00A21CCCC97E}.Debug|Any CPU.Build.0 = Debug|Any CPU
		{F75379D8-209D-444A-8FF9-00A21CCCC97E}.Release|Any CPU.ActiveCfg = Release|Any CPU
		{F75379D8-209D-444A-8FF9-00A21CCCC97E}.Release|Any CPU.Build.0 = Release|Any CPU
		{0112C798-7CAB-43CD-ADFD-EA90D1A90E49}.Debug|Any CPU.ActiveCfg = Debug|Any CPU
		{0112C798-7CAB-43CD-ADFD-EA90D1A90E49}.Debug|Any CPU.Build.0 = Debug|Any CPU
		{0112C798-7CAB-43CD-ADFD-EA90D1A90E49}.Release|Any CPU.ActiveCfg = Release|Any CPU
		{0112C798-7CAB-43CD-ADFD-EA90D1A90E49}.Release|Any CPU.Build.0 = Release|Any CPU
		{08315331-EF37-4102-8D72-52E62B4FB390}.Debug|Any CPU.ActiveCfg = Debug|Any CPU
		{08315331-EF37-4102-8D72-52E62B4FB390}.Debug|Any CPU.Build.0 = Debug|Any CPU
		{08315331-EF37-4102-8D72-52E62B4FB390}.Release|Any CPU.ActiveCfg = Release|Any CPU
		{08315331-EF37-4102-8D72-52E62B4FB390}.Release|Any CPU.Build.0 = Release|Any CPU
		{A9FED109-73A2-43AC-81A0-01737B845695}.Debug|Any CPU.ActiveCfg = Debug|Any CPU
		{A9FED109-73A2-43AC-81A0-01737B845695}.Debug|Any CPU.Build.0 = Debug|Any CPU
		{A9FED109-73A2-43AC-81A0-01737B845695}.Release|Any CPU.ActiveCfg = Release|Any CPU
		{A9FED109-73A2-43AC-81A0-01737B845695}.Release|Any CPU.Build.0 = Release|Any CPU
	EndGlobalSection
	GlobalSection(SolutionProperties) = preSolution
		HideSolutionNode = FALSE
	EndGlobalSection
	GlobalSection(NestedProjects) = preSolution
		{8E813077-95B3-48AF-89A7-EA507963FCB0} = {D8F26E75-E111-44EF-AABE-7EE2C849C5D5}
		{5072BCDE-6B2B-43B1-BC58-E12B8CC028EA} = {D8F26E75-E111-44EF-AABE-7EE2C849C5D5}
		{A8B2FE9C-6561-4CAF-98AE-5A5111359FB7} = {D8F26E75-E111-44EF-AABE-7EE2C849C5D5}
		{B21564AA-7F63-4A3D-8EED-0D4D6AB20D20} = {D8F26E75-E111-44EF-AABE-7EE2C849C5D5}
		{177E266A-C853-49A9-93CC-24967C302D86} = {93670505-CF02-4452-8AF1-FCEA0001E5DC}
		{349D41EF-58F6-48BA-88F2-12691B656CE0} = {D8F26E75-E111-44EF-AABE-7EE2C849C5D5}
		{FD5A0A6C-81F5-448E-8BFA-6501A6BB864E} = {349D41EF-58F6-48BA-88F2-12691B656CE0}
		{7D358209-863F-4894-8229-3077F7EC89BF} = {349D41EF-58F6-48BA-88F2-12691B656CE0}
		{B75FBB29-C4C5-47F6-99A6-77D050F7F115} = {D8F26E75-E111-44EF-AABE-7EE2C849C5D5}
		{31E1B40F-F4F5-415A-A3B8-1221B49775CC} = {B75FBB29-C4C5-47F6-99A6-77D050F7F115}
		{B0E34CDF-99E3-46E3-BF28-B15B990DA759} = {CDE8B50A-B9DA-4C60-ADFA-C4F87F04AEF1}
		{A9DDE246-A5EA-4DDE-8093-FD8BBF3B273C} = {D8F26E75-E111-44EF-AABE-7EE2C849C5D5}
		{D3611778-5622-450C-8BF5-2E1EFD3F9061} = {A9DDE246-A5EA-4DDE-8093-FD8BBF3B273C}
		{9479A1CB-3243-4AE8-9F2E-FE1A546DF59F} = {A9DDE246-A5EA-4DDE-8093-FD8BBF3B273C}
		{67F0C46F-C409-45F2-979B-55732E0F24A6} = {A9DDE246-A5EA-4DDE-8093-FD8BBF3B273C}
		{D9AD71FD-1DE8-47BC-B9DC-E10AC9F20E34} = {349D41EF-58F6-48BA-88F2-12691B656CE0}
		{09E1FD38-02F8-44BA-9F18-C0123B3B5867} = {B21564AA-7F63-4A3D-8EED-0D4D6AB20D20}
		{23F63861-F695-4FDF-9E07-FA2A22F0A2C8} = {B21564AA-7F63-4A3D-8EED-0D4D6AB20D20}
		{B97C2CF8-835F-4C05-B0A8-7559F6264509} = {B21564AA-7F63-4A3D-8EED-0D4D6AB20D20}
		{DAA6E282-9C11-4199-B1D0-6577C361F107} = {B21564AA-7F63-4A3D-8EED-0D4D6AB20D20}
		{F75379D8-209D-444A-8FF9-00A21CCCC97E} = {3B7FD69C-855B-4CBB-9329-698380190096}
		{237E8A1E-E977-4449-B93B-8C98376D4DB1} = {D8F26E75-E111-44EF-AABE-7EE2C849C5D5}
		{0112C798-7CAB-43CD-ADFD-EA90D1A90E49} = {237E8A1E-E977-4449-B93B-8C98376D4DB1}
		{08315331-EF37-4102-8D72-52E62B4FB390} = {237E8A1E-E977-4449-B93B-8C98376D4DB1}
		{A9FED109-73A2-43AC-81A0-01737B845695} = {237E8A1E-E977-4449-B93B-8C98376D4DB1}
	EndGlobalSection
	GlobalSection(ExtensibilityGlobals) = postSolution
		SolutionGuid = {DB410981-1BD4-4F39-8197-C8154C9276D7}
	EndGlobalSection
EndGlobal
